# @generated by Move, please check-in and do not edit manually.

[move]
version = 3
manifest_digest = "F731F4EF66E6DDF5F8AE13A7A3709CF910132449A607750CFA3D494552617234"
deps_digest = "F8BBB0CCB2491CA29A3DF03D6F92277A4F3574266507ACD77214D37ECA3F3082"
dependencies = [
  { id = "Sui", name = "Sui" },
]

[[move.package]]
id = "MoveStdlib"
source = { local = "C:\\Users\\HHaou\\.move\\sui\\crates\\sui-framework\\packages\\move-stdlib" }

[[move.package]]
id = "Sui"
source = { local = "C:\\Users\\HHaou\\.move\\sui\\crates\\sui-framework\\packages\\sui-framework" }

dependencies = [
  { id = "MoveStdlib", name = "MoveStdlib" },
]

[move.toolchain-version]
compiler-version = "1.50.1"
edition = "2024.beta"
flavor = "sui"

[env]

[env.testnet]
chain-id = "4c78adac"
original-published-id = "0xe813095ae7094085b73575eed346d54826bb0fec4b425dd913e510c7e06debc9"
latest-published-id = "0xe813095ae7094085b73575eed346d54826bb0fec4b425dd913e510c7e06debc9"
published-version = "1"
